// !$*UTF8*$!
{
	archiveVersion = 1;
	classes = {
	};
	objectVersion = 51;
	objects = {

/* Begin PBXBuildFile section */
		1F7F6B6D23F9871B00D917F8 /* AppDelegate.swift in Sources */ = {isa = PBXBuildFile; fileRef = 1F7F6B6C23F9871B00D917F8 /* AppDelegate.swift */; };
		1F7F6B6F23F9871B00D917F8 /* SceneDelegate.swift in Sources */ = {isa = PBXBuildFile; fileRef = 1F7F6B6E23F9871B00D917F8 /* SceneDelegate.swift */; };
		1F7F6B7123F9871B00D917F8 /* LaunchViewController.swift in Sources */ = {isa = PBXBuildFile; fileRef = 1F7F6B7023F9871B00D917F8 /* LaunchViewController.swift */; };
		1F7F6B7423F9871B00D917F8 /* Main.storyboard in Resources */ = {isa = PBXBuildFile; fileRef = 1F7F6B7223F9871B00D917F8 /* Main.storyboard */; };
		1F7F6B7623F9872000D917F8 /* Assets.xcassets in Resources */ = {isa = PBXBuildFile; fileRef = 1F7F6B7523F9872000D917F8 /* Assets.xcassets */; };
		1F7F6B7923F9872000D917F8 /* LaunchScreen.storyboard in Resources */ = {isa = PBXBuildFile; fileRef = 1F7F6B7723F9872000D917F8 /* LaunchScreen.storyboard */; };
		4B035C12244A381E00352A20 /* .swiftlint.yml in Resources */ = {isa = PBXBuildFile; fileRef = 4B035C11244A381E00352A20 /* .swiftlint.yml */; };
		4B19BF4A24438145006094D0 /* TasksViewModel.swift in Sources */ = {isa = PBXBuildFile; fileRef = 4B19BF4924438145006094D0 /* TasksViewModel.swift */; };
		4B19BF4D2443819B006094D0 /* StatisticsViewModel.swift in Sources */ = {isa = PBXBuildFile; fileRef = 4B19BF4C2443819B006094D0 /* StatisticsViewModel.swift */; };
		4B19BF5024438236006094D0 /* DashboardViewModel.swift in Sources */ = {isa = PBXBuildFile; fileRef = 4B19BF4F24438236006094D0 /* DashboardViewModel.swift */; };
		4B19BF542447A4A9006094D0 /* UIViewController+Present.swift in Sources */ = {isa = PBXBuildFile; fileRef = 4B19BF532447A4A9006094D0 /* UIViewController+Present.swift */; };
		4B19BF59244850EC006094D0 /* Localizable.strings in Resources */ = {isa = PBXBuildFile; fileRef = 4B19BF5B244850EC006094D0 /* Localizable.strings */; };
		4B19BF5F244851EA006094D0 /* swiftgen.yml in Resources */ = {isa = PBXBuildFile; fileRef = 4B19BF5E244851EA006094D0 /* swiftgen.yml */; };
		4B19BF65244853E9006094D0 /* Colors.txt in Resources */ = {isa = PBXBuildFile; fileRef = 4B19BF64244853E9006094D0 /* Colors.txt */; };
		4B19BF7224485659006094D0 /* Colors.swift in Sources */ = {isa = PBXBuildFile; fileRef = 4B19BF6E24485659006094D0 /* Colors.swift */; };
		4B19BF7324485659006094D0 /* LocalizedStrings.swift in Sources */ = {isa = PBXBuildFile; fileRef = 4B19BF6F24485659006094D0 /* LocalizedStrings.swift */; };
		4B19BF7424485659006094D0 /* Fonts.swift in Sources */ = {isa = PBXBuildFile; fileRef = 4B19BF7024485659006094D0 /* Fonts.swift */; };
		4B19BF7524485659006094D0 /* SharedAssets.swift in Sources */ = {isa = PBXBuildFile; fileRef = 4B19BF7124485659006094D0 /* SharedAssets.swift */; };
		4B3B176E241EAFC80046533A /* SwinjectStoryboard+Setup.swift in Sources */ = {isa = PBXBuildFile; fileRef = 4B3B176D241EAFC80046533A /* SwinjectStoryboard+Setup.swift */; };
		4B3B1770241EAFDF0046533A /* DependencyRegistry.swift in Sources */ = {isa = PBXBuildFile; fileRef = 4B3B176F241EAFDF0046533A /* DependencyRegistry.swift */; };
		4B3B1775241EB78E0046533A /* DashboardViewController.swift in Sources */ = {isa = PBXBuildFile; fileRef = 4B3B1774241EB78E0046533A /* DashboardViewController.swift */; };
		4B3B177E241EBCE70046533A /* ControllerEntries.swift in Sources */ = {isa = PBXBuildFile; fileRef = 4B3B177D241EBCE70046533A /* ControllerEntries.swift */; };
		4B3B1780241EBF330046533A /* SettingsViewModel.swift in Sources */ = {isa = PBXBuildFile; fileRef = 4B3B177F241EBF330046533A /* SettingsViewModel.swift */; };
		4B3B1782241EC0E50046533A /* TabBarViewModel.swift in Sources */ = {isa = PBXBuildFile; fileRef = 4B3B1781241EC0E50046533A /* TabBarViewModel.swift */; };
		4B3B1784241EC3230046533A /* BaseTabBarController.swift in Sources */ = {isa = PBXBuildFile; fileRef = 4B3B1783241EC3230046533A /* BaseTabBarController.swift */; };
		4B3C753024025FEA004B584E /* MainFlowCoordinator.swift in Sources */ = {isa = PBXBuildFile; fileRef = 4B3C752F24025FEA004B584E /* MainFlowCoordinator.swift */; };
		4B3C75332402C528004B584E /* TabBarViewController.swift in Sources */ = {isa = PBXBuildFile; fileRef = 4B3C75322402C528004B584E /* TabBarViewController.swift */; };
		4B3C75382402CB3A004B584E /* TasksViewController.swift in Sources */ = {isa = PBXBuildFile; fileRef = 4B3C75372402CB3A004B584E /* TasksViewController.swift */; };
		4B3C75402402CC06004B584E /* StatisticsViewController.swift in Sources */ = {isa = PBXBuildFile; fileRef = 4B3C753F2402CC06004B584E /* StatisticsViewController.swift */; };
		4B3C75422402CC24004B584E /* SettingsViewController.swift in Sources */ = {isa = PBXBuildFile; fileRef = 4B3C75412402CC24004B584E /* SettingsViewController.swift */; };
		4B9342BC242128230013F520 /* TabBarControllersModel.swift in Sources */ = {isa = PBXBuildFile; fileRef = 4B9342BB242128230013F520 /* TabBarControllersModel.swift */; };
		4BAE9EE5244E208300827FF2 /* TaskViewData.swift in Sources */ = {isa = PBXBuildFile; fileRef = 4BAE9EE4244E208300827FF2 /* TaskViewData.swift */; };
		4BAE9EE7244E242500827FF2 /* Date+Time.swift in Sources */ = {isa = PBXBuildFile; fileRef = 4BAE9EE6244E242500827FF2 /* Date+Time.swift */; };
		4BBCBCE32401AAA8008A12A8 /* LaunchViewModel.swift in Sources */ = {isa = PBXBuildFile; fileRef = 4BBCBCE22401AAA8008A12A8 /* LaunchViewModel.swift */; };
		4BBCBCEC2401B076008A12A8 /* CoordinatorProtocol.swift in Sources */ = {isa = PBXBuildFile; fileRef = 4BBCBCEB2401B076008A12A8 /* CoordinatorProtocol.swift */; };
		4BBCBCEF2401B223008A12A8 /* BaseViewController.swift in Sources */ = {isa = PBXBuildFile; fileRef = 4BBCBCEE2401B223008A12A8 /* BaseViewController.swift */; };
		4BBCBCF22401B34D008A12A8 /* AppConstans.swift in Sources */ = {isa = PBXBuildFile; fileRef = 4BBCBCF12401B34D008A12A8 /* AppConstans.swift */; };
		4BBCBCF42401B54F008A12A8 /* BaseViewModel.swift in Sources */ = {isa = PBXBuildFile; fileRef = 4BBCBCF32401B54F008A12A8 /* BaseViewModel.swift */; };
		4BBCBCF62401B85B008A12A8 /* MainCoordinator.swift in Sources */ = {isa = PBXBuildFile; fileRef = 4BBCBCF52401B85B008A12A8 /* MainCoordinator.swift */; };
		4BFC60C2244AF3DE00081946 /* TaskCell.xib in Resources */ = {isa = PBXBuildFile; fileRef = 4BFC60C1244AF3DE00081946 /* TaskCell.xib */; };
		4BFC60C4244AF3FD00081946 /* TaskCell.swift in Sources */ = {isa = PBXBuildFile; fileRef = 4BFC60C3244AF3FD00081946 /* TaskCell.swift */; };
		4BFC60C8244AFB0400081946 /* ReusableView.swift in Sources */ = {isa = PBXBuildFile; fileRef = 4BFC60C7244AFB0400081946 /* ReusableView.swift */; };
		4BFC60CC244B727800081946 /* RepositoryProtocol.swift in Sources */ = {isa = PBXBuildFile; fileRef = 4BFC60CB244B727800081946 /* RepositoryProtocol.swift */; };
		4BFC60CF244B72D900081946 /* Task.swift in Sources */ = {isa = PBXBuildFile; fileRef = 4BFC60CE244B72D900081946 /* Task.swift */; };
		4BFC60D1244B776200081946 /* LocalRepository.swift in Sources */ = {isa = PBXBuildFile; fileRef = 4BFC60D0244B776200081946 /* LocalRepository.swift */; };
		562E78E24A20DD59B16F8B52 /* Pods_TimePlannerApp.framework in Frameworks */ = {isa = PBXBuildFile; fileRef = 0DDFDD9768562776B6A31876 /* Pods_TimePlannerApp.framework */; };
/* End PBXBuildFile section */

/* Begin PBXFileReference section */
		0DDFDD9768562776B6A31876 /* Pods_TimePlannerApp.framework */ = {isa = PBXFileReference; explicitFileType = wrapper.framework; includeInIndex = 0; path = Pods_TimePlannerApp.framework; sourceTree = BUILT_PRODUCTS_DIR; };
		1F7F6B6923F9871B00D917F8 /* TimePlannerApp.app */ = {isa = PBXFileReference; explicitFileType = wrapper.application; includeInIndex = 0; path = TimePlannerApp.app; sourceTree = BUILT_PRODUCTS_DIR; };
		1F7F6B6C23F9871B00D917F8 /* AppDelegate.swift */ = {isa = PBXFileReference; lastKnownFileType = sourcecode.swift; path = AppDelegate.swift; sourceTree = "<group>"; };
		1F7F6B6E23F9871B00D917F8 /* SceneDelegate.swift */ = {isa = PBXFileReference; lastKnownFileType = sourcecode.swift; path = SceneDelegate.swift; sourceTree = "<group>"; };
		1F7F6B7023F9871B00D917F8 /* LaunchViewController.swift */ = {isa = PBXFileReference; lastKnownFileType = sourcecode.swift; path = LaunchViewController.swift; sourceTree = "<group>"; };
		1F7F6B7523F9872000D917F8 /* Assets.xcassets */ = {isa = PBXFileReference; lastKnownFileType = folder.assetcatalog; path = Assets.xcassets; sourceTree = "<group>"; };
		1F7F6B7A23F9872000D917F8 /* Info.plist */ = {isa = PBXFileReference; lastKnownFileType = text.plist.xml; path = Info.plist; sourceTree = "<group>"; };
		33F5312F73CE7E605C1AC161 /* Pods-TimePlannerApp.debug.xcconfig */ = {isa = PBXFileReference; includeInIndex = 1; lastKnownFileType = text.xcconfig; name = "Pods-TimePlannerApp.debug.xcconfig"; path = "Target Support Files/Pods-TimePlannerApp/Pods-TimePlannerApp.debug.xcconfig"; sourceTree = "<group>"; };
		4B035C11244A381E00352A20 /* .swiftlint.yml */ = {isa = PBXFileReference; lastKnownFileType = text.yaml; path = .swiftlint.yml; sourceTree = "<group>"; };
		4B19BF4924438145006094D0 /* TasksViewModel.swift */ = {isa = PBXFileReference; lastKnownFileType = sourcecode.swift; path = TasksViewModel.swift; sourceTree = "<group>"; };
		4B19BF4C2443819B006094D0 /* StatisticsViewModel.swift */ = {isa = PBXFileReference; lastKnownFileType = sourcecode.swift; path = StatisticsViewModel.swift; sourceTree = "<group>"; };
		4B19BF4F24438236006094D0 /* DashboardViewModel.swift */ = {isa = PBXFileReference; lastKnownFileType = sourcecode.swift; path = DashboardViewModel.swift; sourceTree = "<group>"; };
		4B19BF532447A4A9006094D0 /* UIViewController+Present.swift */ = {isa = PBXFileReference; lastKnownFileType = sourcecode.swift; path = "UIViewController+Present.swift"; sourceTree = "<group>"; };
		4B19BF5A244850EC006094D0 /* en */ = {isa = PBXFileReference; lastKnownFileType = text.plist.strings; name = en; path = en.lproj/Localizable.strings; sourceTree = "<group>"; };
		4B19BF5C2448515A006094D0 /* ru */ = {isa = PBXFileReference; lastKnownFileType = text.plist.strings; name = ru; path = ru.lproj/Localizable.strings; sourceTree = "<group>"; };
		4B19BF5E244851EA006094D0 /* swiftgen.yml */ = {isa = PBXFileReference; fileEncoding = 4; lastKnownFileType = text.yaml; path = swiftgen.yml; sourceTree = "<group>"; };
		4B19BF64244853E9006094D0 /* Colors.txt */ = {isa = PBXFileReference; lastKnownFileType = text; path = Colors.txt; sourceTree = "<group>"; };
		4B19BF6824485557006094D0 /* Base */ = {isa = PBXFileReference; lastKnownFileType = file.storyboard; name = Base; path = Base.lproj/Main.storyboard; sourceTree = "<group>"; };
		4B19BF6924485557006094D0 /* Base */ = {isa = PBXFileReference; lastKnownFileType = file.storyboard; name = Base; path = Base.lproj/LaunchScreen.storyboard; sourceTree = "<group>"; };
		4B19BF6D24485636006094D0 /* Base */ = {isa = PBXFileReference; lastKnownFileType = text.plist.strings; name = Base; path = Base.lproj/Localizable.strings; sourceTree = "<group>"; };
		4B19BF6E24485659006094D0 /* Colors.swift */ = {isa = PBXFileReference; fileEncoding = 4; lastKnownFileType = sourcecode.swift; path = Colors.swift; sourceTree = "<group>"; };
		4B19BF6F24485659006094D0 /* LocalizedStrings.swift */ = {isa = PBXFileReference; fileEncoding = 4; lastKnownFileType = sourcecode.swift; path = LocalizedStrings.swift; sourceTree = "<group>"; };
		4B19BF7024485659006094D0 /* Fonts.swift */ = {isa = PBXFileReference; fileEncoding = 4; lastKnownFileType = sourcecode.swift; path = Fonts.swift; sourceTree = "<group>"; };
		4B19BF7124485659006094D0 /* SharedAssets.swift */ = {isa = PBXFileReference; fileEncoding = 4; lastKnownFileType = sourcecode.swift; path = SharedAssets.swift; sourceTree = "<group>"; };
		4B3B176D241EAFC80046533A /* SwinjectStoryboard+Setup.swift */ = {isa = PBXFileReference; lastKnownFileType = sourcecode.swift; path = "SwinjectStoryboard+Setup.swift"; sourceTree = "<group>"; };
		4B3B176F241EAFDF0046533A /* DependencyRegistry.swift */ = {isa = PBXFileReference; lastKnownFileType = sourcecode.swift; path = DependencyRegistry.swift; sourceTree = "<group>"; };
		4B3B1774241EB78E0046533A /* DashboardViewController.swift */ = {isa = PBXFileReference; lastKnownFileType = sourcecode.swift; path = DashboardViewController.swift; sourceTree = "<group>"; };
		4B3B177D241EBCE70046533A /* ControllerEntries.swift */ = {isa = PBXFileReference; lastKnownFileType = sourcecode.swift; path = ControllerEntries.swift; sourceTree = "<group>"; };
		4B3B177F241EBF330046533A /* SettingsViewModel.swift */ = {isa = PBXFileReference; lastKnownFileType = sourcecode.swift; name = SettingsViewModel.swift; path = TimePlannerApp/Helpers/SettingsViewModel.swift; sourceTree = SOURCE_ROOT; };
		4B3B1781241EC0E50046533A /* TabBarViewModel.swift */ = {isa = PBXFileReference; lastKnownFileType = sourcecode.swift; name = TabBarViewModel.swift; path = TimePlannerApp/Helpers/TabBarViewModel.swift; sourceTree = SOURCE_ROOT; };
		4B3B1783241EC3230046533A /* BaseTabBarController.swift */ = {isa = PBXFileReference; lastKnownFileType = sourcecode.swift; path = BaseTabBarController.swift; sourceTree = "<group>"; };
		4B3C752F24025FEA004B584E /* MainFlowCoordinator.swift */ = {isa = PBXFileReference; lastKnownFileType = sourcecode.swift; path = MainFlowCoordinator.swift; sourceTree = "<group>"; };
		4B3C75322402C528004B584E /* TabBarViewController.swift */ = {isa = PBXFileReference; lastKnownFileType = sourcecode.swift; path = TabBarViewController.swift; sourceTree = "<group>"; };
		4B3C75372402CB3A004B584E /* TasksViewController.swift */ = {isa = PBXFileReference; lastKnownFileType = sourcecode.swift; path = TasksViewController.swift; sourceTree = "<group>"; };
		4B3C753F2402CC06004B584E /* StatisticsViewController.swift */ = {isa = PBXFileReference; lastKnownFileType = sourcecode.swift; path = StatisticsViewController.swift; sourceTree = "<group>"; };
		4B3C75412402CC24004B584E /* SettingsViewController.swift */ = {isa = PBXFileReference; lastKnownFileType = sourcecode.swift; path = SettingsViewController.swift; sourceTree = "<group>"; };
		4B9342BB242128230013F520 /* TabBarControllersModel.swift */ = {isa = PBXFileReference; fileEncoding = 4; lastKnownFileType = sourcecode.swift; path = TabBarControllersModel.swift; sourceTree = "<group>"; };
		4BAE9EE4244E208300827FF2 /* TaskViewData.swift */ = {isa = PBXFileReference; lastKnownFileType = sourcecode.swift; path = TaskViewData.swift; sourceTree = "<group>"; };
		4BAE9EE6244E242500827FF2 /* Date+Time.swift */ = {isa = PBXFileReference; lastKnownFileType = sourcecode.swift; path = "Date+Time.swift"; sourceTree = "<group>"; };
		4BBCBCE22401AAA8008A12A8 /* LaunchViewModel.swift */ = {isa = PBXFileReference; lastKnownFileType = sourcecode.swift; path = LaunchViewModel.swift; sourceTree = "<group>"; };
		4BBCBCEB2401B076008A12A8 /* CoordinatorProtocol.swift */ = {isa = PBXFileReference; lastKnownFileType = sourcecode.swift; path = CoordinatorProtocol.swift; sourceTree = "<group>"; };
		4BBCBCEE2401B223008A12A8 /* BaseViewController.swift */ = {isa = PBXFileReference; lastKnownFileType = sourcecode.swift; path = BaseViewController.swift; sourceTree = "<group>"; };
		4BBCBCF12401B34D008A12A8 /* AppConstans.swift */ = {isa = PBXFileReference; lastKnownFileType = sourcecode.swift; path = AppConstans.swift; sourceTree = "<group>"; };
		4BBCBCF32401B54F008A12A8 /* BaseViewModel.swift */ = {isa = PBXFileReference; lastKnownFileType = sourcecode.swift; path = BaseViewModel.swift; sourceTree = "<group>"; };
		4BBCBCF52401B85B008A12A8 /* MainCoordinator.swift */ = {isa = PBXFileReference; lastKnownFileType = sourcecode.swift; path = MainCoordinator.swift; sourceTree = "<group>"; };
		4BFC60C1244AF3DE00081946 /* TaskCell.xib */ = {isa = PBXFileReference; lastKnownFileType = file.xib; path = TaskCell.xib; sourceTree = "<group>"; };
		4BFC60C3244AF3FD00081946 /* TaskCell.swift */ = {isa = PBXFileReference; lastKnownFileType = sourcecode.swift; path = TaskCell.swift; sourceTree = "<group>"; };
		4BFC60C7244AFB0400081946 /* ReusableView.swift */ = {isa = PBXFileReference; lastKnownFileType = sourcecode.swift; path = ReusableView.swift; sourceTree = "<group>"; };
		4BFC60CB244B727800081946 /* RepositoryProtocol.swift */ = {isa = PBXFileReference; lastKnownFileType = sourcecode.swift; path = RepositoryProtocol.swift; sourceTree = "<group>"; };
		4BFC60CE244B72D900081946 /* Task.swift */ = {isa = PBXFileReference; lastKnownFileType = sourcecode.swift; path = Task.swift; sourceTree = "<group>"; };
		4BFC60D0244B776200081946 /* LocalRepository.swift */ = {isa = PBXFileReference; lastKnownFileType = sourcecode.swift; path = LocalRepository.swift; sourceTree = "<group>"; };
		6B5C02821F72B12FFCFFA78D /* Pods-TimePlannerApp.release.xcconfig */ = {isa = PBXFileReference; includeInIndex = 1; lastKnownFileType = text.xcconfig; name = "Pods-TimePlannerApp.release.xcconfig"; path = "Target Support Files/Pods-TimePlannerApp/Pods-TimePlannerApp.release.xcconfig"; sourceTree = "<group>"; };
/* End PBXFileReference section */

/* Begin PBXFrameworksBuildPhase section */
		1F7F6B6623F9871B00D917F8 /* Frameworks */ = {
			isa = PBXFrameworksBuildPhase;
			buildActionMask = 2147483647;
			files = (
				562E78E24A20DD59B16F8B52 /* Pods_TimePlannerApp.framework in Frameworks */,
			);
			runOnlyForDeploymentPostprocessing = 0;
		};
/* End PBXFrameworksBuildPhase section */

/* Begin PBXGroup section */
		1F7F6B6023F9871B00D917F8 = {
			isa = PBXGroup;
			children = (
				4B035C11244A381E00352A20 /* .swiftlint.yml */,
				4B19BF5E244851EA006094D0 /* swiftgen.yml */,
				1F7F6B6B23F9871B00D917F8 /* TimePlannerApp */,
				1F7F6B6A23F9871B00D917F8 /* Products */,
				2FD8F20DCCFF9D5F9AD88A3E /* Pods */,
				72CFCAA0E1F91B42A6BE78D0 /* Frameworks */,
			);
			sourceTree = "<group>";
		};
		1F7F6B6A23F9871B00D917F8 /* Products */ = {
			isa = PBXGroup;
			children = (
				1F7F6B6923F9871B00D917F8 /* TimePlannerApp.app */,
			);
			name = Products;
			sourceTree = "<group>";
		};
		1F7F6B6B23F9871B00D917F8 /* TimePlannerApp */ = {
			isa = PBXGroup;
			children = (
				4B19BF5524485091006094D0 /* Resources */,
				4B19BF612448532F006094D0 /* Sources */,
				4B3B177C241EBCC00046533A /* Helpers */,
				4BBCBCF02401B330008A12A8 /* Common */,
				4BBCBCDE2401A93C008A12A8 /* Navigation */,
				4B3B176C241EAFA00046533A /* DI */,
				4BFC60CD244B729A00081946 /* Models */,
				4BFC60CA244B721300081946 /* Services */,
				4BBCBCDD2401A937008A12A8 /* Scenes */,
				1F7F6B6C23F9871B00D917F8 /* AppDelegate.swift */,
				1F7F6B6E23F9871B00D917F8 /* SceneDelegate.swift */,
				1F7F6B7223F9871B00D917F8 /* Main.storyboard */,
				1F7F6B7723F9872000D917F8 /* LaunchScreen.storyboard */,
				1F7F6B7A23F9872000D917F8 /* Info.plist */,
			);
			path = TimePlannerApp;
			sourceTree = "<group>";
		};
		2FD8F20DCCFF9D5F9AD88A3E /* Pods */ = {
			isa = PBXGroup;
			children = (
				33F5312F73CE7E605C1AC161 /* Pods-TimePlannerApp.debug.xcconfig */,
				6B5C02821F72B12FFCFFA78D /* Pods-TimePlannerApp.release.xcconfig */,
			);
			path = Pods;
			sourceTree = "<group>";
		};
		4B19BF4824438128006094D0 /* ViewModel */ = {
			isa = PBXGroup;
			children = (
				4B19BF4924438145006094D0 /* TasksViewModel.swift */,
				4BAE9EE4244E208300827FF2 /* TaskViewData.swift */,
			);
			path = ViewModel;
			sourceTree = "<group>";
		};
		4B19BF4B24438181006094D0 /* ViewModel */ = {
			isa = PBXGroup;
			children = (
				4B19BF4C2443819B006094D0 /* StatisticsViewModel.swift */,
			);
			path = ViewModel;
			sourceTree = "<group>";
		};
		4B19BF4E244381F1006094D0 /* ViewModel */ = {
			isa = PBXGroup;
			children = (
				4B19BF4F24438236006094D0 /* DashboardViewModel.swift */,
			);
			path = ViewModel;
			sourceTree = "<group>";
		};
		4B19BF5524485091006094D0 /* Resources */ = {
			isa = PBXGroup;
			children = (
				1F7F6B7523F9872000D917F8 /* Assets.xcassets */,
				4B19BF63244853A4006094D0 /* Fonts */,
				4B19BF622448539B006094D0 /* Colors */,
				4B19BF56244850A2006094D0 /* Strings */,
			);
			path = Resources;
			sourceTree = "<group>";
		};
		4B19BF56244850A2006094D0 /* Strings */ = {
			isa = PBXGroup;
			children = (
				4B19BF5B244850EC006094D0 /* Localizable.strings */,
			);
			path = Strings;
			sourceTree = "<group>";
		};
		4B19BF5D24485187006094D0 /* Generated */ = {
			isa = PBXGroup;
			children = (
				4B19BF6E24485659006094D0 /* Colors.swift */,
				4B19BF7024485659006094D0 /* Fonts.swift */,
				4B19BF6F24485659006094D0 /* LocalizedStrings.swift */,
				4B19BF7124485659006094D0 /* SharedAssets.swift */,
			);
			path = Generated;
			sourceTree = "<group>";
		};
		4B19BF612448532F006094D0 /* Sources */ = {
			isa = PBXGroup;
			children = (
				4B19BF5D24485187006094D0 /* Generated */,
			);
			path = Sources;
			sourceTree = "<group>";
		};
		4B19BF622448539B006094D0 /* Colors */ = {
			isa = PBXGroup;
			children = (
				4B19BF64244853E9006094D0 /* Colors.txt */,
			);
			path = Colors;
			sourceTree = "<group>";
		};
		4B19BF63244853A4006094D0 /* Fonts */ = {
			isa = PBXGroup;
			children = (
			);
			path = Fonts;
			sourceTree = "<group>";
		};
		4B3B176C241EAFA00046533A /* DI */ = {
			isa = PBXGroup;
			children = (
				4B3B176D241EAFC80046533A /* SwinjectStoryboard+Setup.swift */,
				4B3B176F241EAFDF0046533A /* DependencyRegistry.swift */,
			);
			path = DI;
			sourceTree = "<group>";
		};
		4B3B1771241EB7260046533A /* Dashboard */ = {
			isa = PBXGroup;
			children = (
				4B3B1772241EB74D0046533A /* Controller */,
				4B19BF4E244381F1006094D0 /* ViewModel */,
			);
			path = Dashboard;
			sourceTree = "<group>";
		};
		4B3B1772241EB74D0046533A /* Controller */ = {
			isa = PBXGroup;
			children = (
				4B3B1774241EB78E0046533A /* DashboardViewController.swift */,
			);
			path = Controller;
			sourceTree = "<group>";
		};
		4B3B177C241EBCC00046533A /* Helpers */ = {
			isa = PBXGroup;
			children = (
				4B3B177D241EBCE70046533A /* ControllerEntries.swift */,
			);
			path = Helpers;
			sourceTree = "<group>";
		};
		4B3C75312402C466004B584E /* TabBar */ = {
			isa = PBXGroup;
			children = (
				4B43382824044C4400272CA4 /* ViewModel */,
				4B43382624044C2500272CA4 /* Controller */,
			);
			path = TabBar;
			sourceTree = "<group>";
		};
		4B3C75342402CAD7004B584E /* Tasks */ = {
			isa = PBXGroup;
			children = (
				4B3C75352402CAE4004B584E /* Controller */,
				4B19BF4824438128006094D0 /* ViewModel */,
			);
			path = Tasks;
			sourceTree = "<group>";
		};
		4B3C75352402CAE4004B584E /* Controller */ = {
			isa = PBXGroup;
			children = (
				4BFC60C0244AF3BB00081946 /* TaskCell */,
				4B3C75372402CB3A004B584E /* TasksViewController.swift */,
			);
			path = Controller;
			sourceTree = "<group>";
		};
		4B3C75392402CB7B004B584E /* Statistics */ = {
			isa = PBXGroup;
			children = (
				4B3C753B2402CBA3004B584E /* Controller */,
				4B19BF4B24438181006094D0 /* ViewModel */,
			);
			path = Statistics;
			sourceTree = "<group>";
		};
		4B3C753B2402CBA3004B584E /* Controller */ = {
			isa = PBXGroup;
			children = (
				4B3C753F2402CC06004B584E /* StatisticsViewController.swift */,
			);
			path = Controller;
			sourceTree = "<group>";
		};
		4B3C753C2402CBB2004B584E /* Settings */ = {
			isa = PBXGroup;
			children = (
				4B3C753E2402CBD1004B584E /* Controller */,
				4B3C753D2402CBC1004B584E /* ViewModel */,
			);
			path = Settings;
			sourceTree = "<group>";
		};
		4B3C753D2402CBC1004B584E /* ViewModel */ = {
			isa = PBXGroup;
			children = (
				4B3B177F241EBF330046533A /* SettingsViewModel.swift */,
			);
			path = ViewModel;
			sourceTree = "<group>";
		};
		4B3C753E2402CBD1004B584E /* Controller */ = {
			isa = PBXGroup;
			children = (
				4B3C75412402CC24004B584E /* SettingsViewController.swift */,
			);
			path = Controller;
			sourceTree = "<group>";
		};
		4B3C75432402CC63004B584E /* Extensions */ = {
			isa = PBXGroup;
			children = (
				4B19BF532447A4A9006094D0 /* UIViewController+Present.swift */,
				4BAE9EE6244E242500827FF2 /* Date+Time.swift */,
			);
			path = Extensions;
			sourceTree = "<group>";
		};
		4B43382624044C2500272CA4 /* Controller */ = {
			isa = PBXGroup;
			children = (
				4B3C75322402C528004B584E /* TabBarViewController.swift */,
			);
			path = Controller;
			sourceTree = "<group>";
		};
		4B43382824044C4400272CA4 /* ViewModel */ = {
			isa = PBXGroup;
			children = (
				4B9342BB242128230013F520 /* TabBarControllersModel.swift */,
				4B3B1781241EC0E50046533A /* TabBarViewModel.swift */,
			);
			path = ViewModel;
			sourceTree = "<group>";
		};
		4B68D898244C40C600BFB11B /* Realm */ = {
			isa = PBXGroup;
			children = (
				4BFC60CE244B72D900081946 /* Task.swift */,
			);
			path = Realm;
			sourceTree = "<group>";
		};
		4BBCBCDD2401A937008A12A8 /* Scenes */ = {
			isa = PBXGroup;
			children = (
				4B3C75312402C466004B584E /* TabBar */,
				4BBCBCED2401B1FF008A12A8 /* Common */,
				4BBCBCDF2401A96A008A12A8 /* Launch */,
				4B3B1771241EB7260046533A /* Dashboard */,
				4B3C75342402CAD7004B584E /* Tasks */,
				4B3C75392402CB7B004B584E /* Statistics */,
				4B3C753C2402CBB2004B584E /* Settings */,
			);
			path = Scenes;
			sourceTree = "<group>";
		};
		4BBCBCDE2401A93C008A12A8 /* Navigation */ = {
			isa = PBXGroup;
			children = (
				4BBCBCEA2401B051008A12A8 /* Coordinators */,
			);
			path = Navigation;
			sourceTree = "<group>";
		};
		4BBCBCDF2401A96A008A12A8 /* Launch */ = {
			isa = PBXGroup;
			children = (
				4BBCBCE12401A9FE008A12A8 /* Controller */,
				4BBCBCE02401A9B0008A12A8 /* ViewModel */,
			);
			path = Launch;
			sourceTree = "<group>";
		};
		4BBCBCE02401A9B0008A12A8 /* ViewModel */ = {
			isa = PBXGroup;
			children = (
				4BBCBCE22401AAA8008A12A8 /* LaunchViewModel.swift */,
			);
			path = ViewModel;
			sourceTree = "<group>";
		};
		4BBCBCE12401A9FE008A12A8 /* Controller */ = {
			isa = PBXGroup;
			children = (
				1F7F6B7023F9871B00D917F8 /* LaunchViewController.swift */,
			);
			path = Controller;
			sourceTree = "<group>";
		};
		4BBCBCEA2401B051008A12A8 /* Coordinators */ = {
			isa = PBXGroup;
			children = (
				4BBCBCEB2401B076008A12A8 /* CoordinatorProtocol.swift */,
				4BBCBCF52401B85B008A12A8 /* MainCoordinator.swift */,
				4B3C752F24025FEA004B584E /* MainFlowCoordinator.swift */,
			);
			path = Coordinators;
			sourceTree = "<group>";
		};
		4BBCBCED2401B1FF008A12A8 /* Common */ = {
			isa = PBXGroup;
			children = (
				4BBCBCEE2401B223008A12A8 /* BaseViewController.swift */,
				4BBCBCF32401B54F008A12A8 /* BaseViewModel.swift */,
				4B3B1783241EC3230046533A /* BaseTabBarController.swift */,
			);
			path = Common;
			sourceTree = "<group>";
		};
		4BBCBCF02401B330008A12A8 /* Common */ = {
			isa = PBXGroup;
			children = (
				4BFC60C9244AFB0900081946 /* Protocols */,
				4B3C75432402CC63004B584E /* Extensions */,
				4BBCBCF12401B34D008A12A8 /* AppConstans.swift */,
			);
			path = Common;
			sourceTree = "<group>";
		};
		4BFC60C0244AF3BB00081946 /* TaskCell */ = {
			isa = PBXGroup;
			children = (
				4BFC60C1244AF3DE00081946 /* TaskCell.xib */,
				4BFC60C3244AF3FD00081946 /* TaskCell.swift */,
			);
			path = TaskCell;
			sourceTree = "<group>";
		};
		4BFC60C9244AFB0900081946 /* Protocols */ = {
			isa = PBXGroup;
			children = (
				4BFC60C7244AFB0400081946 /* ReusableView.swift */,
			);
			path = Protocols;
			sourceTree = "<group>";
		};
		4BFC60CA244B721300081946 /* Services */ = {
			isa = PBXGroup;
			children = (
				4BFC60CB244B727800081946 /* RepositoryProtocol.swift */,
				4BFC60D0244B776200081946 /* LocalRepository.swift */,
			);
			path = Services;
			sourceTree = "<group>";
		};
		4BFC60CD244B729A00081946 /* Models */ = {
			isa = PBXGroup;
			children = (
				4B68D898244C40C600BFB11B /* Realm */,
			);
			path = Models;
			sourceTree = "<group>";
		};
		72CFCAA0E1F91B42A6BE78D0 /* Frameworks */ = {
			isa = PBXGroup;
			children = (
				0DDFDD9768562776B6A31876 /* Pods_TimePlannerApp.framework */,
			);
			name = Frameworks;
			sourceTree = "<group>";
		};
/* End PBXGroup section */

/* Begin PBXNativeTarget section */
		1F7F6B6823F9871B00D917F8 /* TimePlannerApp */ = {
			isa = PBXNativeTarget;
			buildConfigurationList = 1F7F6B7D23F9872000D917F8 /* Build configuration list for PBXNativeTarget "TimePlannerApp" */;
			buildPhases = (
				B0DAF906F3E4A7682DD2E9BA /* [CP] Check Pods Manifest.lock */,
				4B19BF602448525D006094D0 /* Swift Gen */,
				1F7F6B6523F9871B00D917F8 /* Sources */,
				1F7F6B6623F9871B00D917F8 /* Frameworks */,
				1F7F6B6723F9871B00D917F8 /* Resources */,
				4B035C10244A35BE00352A20 /* SwiftLint */,
				2BDFDA584F1B0295B9531A48 /* [CP] Embed Pods Frameworks */,
			);
			buildRules = (
			);
			dependencies = (
			);
			name = TimePlannerApp;
			productName = TimePlannerApp;
			productReference = 1F7F6B6923F9871B00D917F8 /* TimePlannerApp.app */;
			productType = "com.apple.product-type.application";
		};
/* End PBXNativeTarget section */

/* Begin PBXProject section */
		1F7F6B6123F9871B00D917F8 /* Project object */ = {
			isa = PBXProject;
			attributes = {
				LastSwiftUpdateCheck = 1130;
				LastUpgradeCheck = 1130;
				ORGANIZATIONNAME = AlexandrMazurov;
				TargetAttributes = {
					1F7F6B6823F9871B00D917F8 = {
						CreatedOnToolsVersion = 11.3.1;
					};
				};
			};
			buildConfigurationList = 1F7F6B6423F9871B00D917F8 /* Build configuration list for PBXProject "TimePlannerApp" */;
			compatibilityVersion = "Xcode 9.3";
			developmentRegion = en;
			hasScannedForEncodings = 0;
			knownRegions = (
				en,
				ru,
				Base,
			);
			mainGroup = 1F7F6B6023F9871B00D917F8;
			productRefGroup = 1F7F6B6A23F9871B00D917F8 /* Products */;
			projectDirPath = "";
			projectRoot = "";
			targets = (
				1F7F6B6823F9871B00D917F8 /* TimePlannerApp */,
			);
		};
/* End PBXProject section */

/* Begin PBXResourcesBuildPhase section */
		1F7F6B6723F9871B00D917F8 /* Resources */ = {
			isa = PBXResourcesBuildPhase;
			buildActionMask = 2147483647;
			files = (
				4BFC60C2244AF3DE00081946 /* TaskCell.xib in Resources */,
				1F7F6B7923F9872000D917F8 /* LaunchScreen.storyboard in Resources */,
				4B19BF5F244851EA006094D0 /* swiftgen.yml in Resources */,
				4B19BF65244853E9006094D0 /* Colors.txt in Resources */,
				4B035C12244A381E00352A20 /* .swiftlint.yml in Resources */,
				4B19BF59244850EC006094D0 /* Localizable.strings in Resources */,
				1F7F6B7623F9872000D917F8 /* Assets.xcassets in Resources */,
				1F7F6B7423F9871B00D917F8 /* Main.storyboard in Resources */,
			);
			runOnlyForDeploymentPostprocessing = 0;
		};
/* End PBXResourcesBuildPhase section */

/* Begin PBXShellScriptBuildPhase section */
		2BDFDA584F1B0295B9531A48 /* [CP] Embed Pods Frameworks */ = {
			isa = PBXShellScriptBuildPhase;
			buildActionMask = 2147483647;
			files = (
			);
			inputFileListPaths = (
				"${PODS_ROOT}/Target Support Files/Pods-TimePlannerApp/Pods-TimePlannerApp-frameworks-${CONFIGURATION}-input-files.xcfilelist",
			);
			name = "[CP] Embed Pods Frameworks";
			outputFileListPaths = (
				"${PODS_ROOT}/Target Support Files/Pods-TimePlannerApp/Pods-TimePlannerApp-frameworks-${CONFIGURATION}-output-files.xcfilelist",
			);
			runOnlyForDeploymentPostprocessing = 0;
			shellPath = /bin/sh;
			shellScript = "\"${PODS_ROOT}/Target Support Files/Pods-TimePlannerApp/Pods-TimePlannerApp-frameworks.sh\"\n";
			showEnvVarsInLog = 0;
		};
		4B035C10244A35BE00352A20 /* SwiftLint */ = {
			isa = PBXShellScriptBuildPhase;
			buildActionMask = 2147483647;
			files = (
			);
			inputFileListPaths = (
			);
			inputPaths = (
			);
			name = SwiftLint;
			outputFileListPaths = (
			);
			outputPaths = (
			);
			runOnlyForDeploymentPostprocessing = 0;
			shellPath = /bin/sh;
			shellScript = "\"${PODS_ROOT}/SwiftLint/swiftlint\"\n";
		};
		4B19BF602448525D006094D0 /* Swift Gen */ = {
			isa = PBXShellScriptBuildPhase;
			buildActionMask = 2147483647;
			files = (
			);
			inputFileListPaths = (
			);
			inputPaths = (
			);
			name = "Swift Gen";
			outputFileListPaths = (
			);
			outputPaths = (
			);
			runOnlyForDeploymentPostprocessing = 0;
			shellPath = /bin/sh;
			shellScript = "$PODS_ROOT/SwiftGen/bin/swiftgen config run --config $SOURCE_ROOT/swiftgen.yml\n";
		};
		B0DAF906F3E4A7682DD2E9BA /* [CP] Check Pods Manifest.lock */ = {
			isa = PBXShellScriptBuildPhase;
			buildActionMask = 2147483647;
			files = (
			);
			inputFileListPaths = (
			);
			inputPaths = (
				"${PODS_PODFILE_DIR_PATH}/Podfile.lock",
				"${PODS_ROOT}/Manifest.lock",
			);
			name = "[CP] Check Pods Manifest.lock";
			outputFileListPaths = (
			);
			outputPaths = (
				"$(DERIVED_FILE_DIR)/Pods-TimePlannerApp-checkManifestLockResult.txt",
			);
			runOnlyForDeploymentPostprocessing = 0;
			shellPath = /bin/sh;
			shellScript = "diff \"${PODS_PODFILE_DIR_PATH}/Podfile.lock\" \"${PODS_ROOT}/Manifest.lock\" > /dev/null\nif [ $? != 0 ] ; then\n    # print error to STDERR\n    echo \"error: The sandbox is not in sync with the Podfile.lock. Run 'pod install' or update your CocoaPods installation.\" >&2\n    exit 1\nfi\n# This output is used by Xcode 'outputs' to avoid re-running this script phase.\necho \"SUCCESS\" > \"${SCRIPT_OUTPUT_FILE_0}\"\n";
			showEnvVarsInLog = 0;
		};
/* End PBXShellScriptBuildPhase section */

/* Begin PBXSourcesBuildPhase section */
		1F7F6B6523F9871B00D917F8 /* Sources */ = {
			isa = PBXSourcesBuildPhase;
			buildActionMask = 2147483647;
			files = (
				4B3B1780241EBF330046533A /* SettingsViewModel.swift in Sources */,
				4BAE9EE5244E208300827FF2 /* TaskViewData.swift in Sources */,
				4BBCBCF22401B34D008A12A8 /* AppConstans.swift in Sources */,
				4B3C75382402CB3A004B584E /* TasksViewController.swift in Sources */,
				4B3B1770241EAFDF0046533A /* DependencyRegistry.swift in Sources */,
				4BBCBCF42401B54F008A12A8 /* BaseViewModel.swift in Sources */,
				4BBCBCEC2401B076008A12A8 /* CoordinatorProtocol.swift in Sources */,
				1F7F6B7123F9871B00D917F8 /* LaunchViewController.swift in Sources */,
				4B3B176E241EAFC80046533A /* SwinjectStoryboard+Setup.swift in Sources */,
				4B3C75402402CC06004B584E /* StatisticsViewController.swift in Sources */,
				4B19BF7424485659006094D0 /* Fonts.swift in Sources */,
				4B9342BC242128230013F520 /* TabBarControllersModel.swift in Sources */,
				4B19BF7224485659006094D0 /* Colors.swift in Sources */,
				4BFC60C4244AF3FD00081946 /* TaskCell.swift in Sources */,
				4B3C75422402CC24004B584E /* SettingsViewController.swift in Sources */,
				4BFC60C8244AFB0400081946 /* ReusableView.swift in Sources */,
				4B19BF7524485659006094D0 /* SharedAssets.swift in Sources */,
				4B3C753024025FEA004B584E /* MainFlowCoordinator.swift in Sources */,
				4BBCBCF62401B85B008A12A8 /* MainCoordinator.swift in Sources */,
				1F7F6B6D23F9871B00D917F8 /* AppDelegate.swift in Sources */,
				4B3B1782241EC0E50046533A /* TabBarViewModel.swift in Sources */,
				4B3B1784241EC3230046533A /* BaseTabBarController.swift in Sources */,
				1F7F6B6F23F9871B00D917F8 /* SceneDelegate.swift in Sources */,
				4B19BF7324485659006094D0 /* LocalizedStrings.swift in Sources */,
				4BFC60D1244B776200081946 /* LocalRepository.swift in Sources */,
				4B3B177E241EBCE70046533A /* ControllerEntries.swift in Sources */,
				4B19BF4A24438145006094D0 /* TasksViewModel.swift in Sources */,
				4BAE9EE7244E242500827FF2 /* Date+Time.swift in Sources */,
				4BBCBCEF2401B223008A12A8 /* BaseViewController.swift in Sources */,
				4BFC60CC244B727800081946 /* RepositoryProtocol.swift in Sources */,
				4B3B1775241EB78E0046533A /* DashboardViewController.swift in Sources */,
				4B3C75332402C528004B584E /* TabBarViewController.swift in Sources */,
				4B19BF542447A4A9006094D0 /* UIViewController+Present.swift in Sources */,
				4B19BF5024438236006094D0 /* DashboardViewModel.swift in Sources */,
				4B19BF4D2443819B006094D0 /* StatisticsViewModel.swift in Sources */,
				4BFC60CF244B72D900081946 /* Task.swift in Sources */,
				4BBCBCE32401AAA8008A12A8 /* LaunchViewModel.swift in Sources */,
			);
			runOnlyForDeploymentPostprocessing = 0;
		};
/* End PBXSourcesBuildPhase section */

/* Begin PBXVariantGroup section */
		1F7F6B7223F9871B00D917F8 /* Main.storyboard */ = {
			isa = PBXVariantGroup;
			children = (
				4B19BF6824485557006094D0 /* Base */,
			);
			name = Main.storyboard;
			sourceTree = "<group>";
		};
		1F7F6B7723F9872000D917F8 /* LaunchScreen.storyboard */ = {
			isa = PBXVariantGroup;
			children = (
				4B19BF6924485557006094D0 /* Base */,
			);
			name = LaunchScreen.storyboard;
			sourceTree = "<group>";
		};
		4B19BF5B244850EC006094D0 /* Localizable.strings */ = {
			isa = PBXVariantGroup;
			children = (
				4B19BF5A244850EC006094D0 /* en */,
				4B19BF5C2448515A006094D0 /* ru */,
				4B19BF6D24485636006094D0 /* Base */,
			);
			name = Localizable.strings;
			sourceTree = "<group>";
		};
/* End PBXVariantGroup section */

/* Begin XCBuildConfiguration section */
		1F7F6B7B23F9872000D917F8 /* Debug */ = {
			isa = XCBuildConfiguration;
			buildSettings = {
				ALWAYS_SEARCH_USER_PATHS = NO;
				CLANG_ANALYZER_LOCALIZABILITY_NONLOCALIZED = YES;
				CLANG_ANALYZER_NONNULL = YES;
				CLANG_ANALYZER_NUMBER_OBJECT_CONVERSION = YES_AGGRESSIVE;
				CLANG_CXX_LANGUAGE_STANDARD = "gnu++14";
				CLANG_CXX_LIBRARY = "libc++";
				CLANG_ENABLE_MODULES = YES;
				CLANG_ENABLE_OBJC_ARC = YES;
				CLANG_ENABLE_OBJC_WEAK = YES;
				CLANG_WARN_BLOCK_CAPTURE_AUTORELEASING = YES;
				CLANG_WARN_BOOL_CONVERSION = YES;
				CLANG_WARN_COMMA = YES;
				CLANG_WARN_CONSTANT_CONVERSION = YES;
				CLANG_WARN_DEPRECATED_OBJC_IMPLEMENTATIONS = YES;
				CLANG_WARN_DIRECT_OBJC_ISA_USAGE = YES_ERROR;
				CLANG_WARN_DOCUMENTATION_COMMENTS = YES;
				CLANG_WARN_EMPTY_BODY = YES;
				CLANG_WARN_ENUM_CONVERSION = YES;
				CLANG_WARN_INFINITE_RECURSION = YES;
				CLANG_WARN_INT_CONVERSION = YES;
				CLANG_WARN_NON_LITERAL_NULL_CONVERSION = YES;
				CLANG_WARN_OBJC_IMPLICIT_RETAIN_SELF = YES;
				CLANG_WARN_OBJC_LITERAL_CONVERSION = YES;
				CLANG_WARN_OBJC_ROOT_CLASS = YES_ERROR;
				CLANG_WARN_RANGE_LOOP_ANALYSIS = YES;
				CLANG_WARN_STRICT_PROTOTYPES = YES;
				CLANG_WARN_SUSPICIOUS_MOVE = YES;
				CLANG_WARN_UNGUARDED_AVAILABILITY = YES_AGGRESSIVE;
				CLANG_WARN_UNREACHABLE_CODE = YES;
				CLANG_WARN__DUPLICATE_METHOD_MATCH = YES;
				COPY_PHASE_STRIP = NO;
				DEBUG_INFORMATION_FORMAT = dwarf;
				ENABLE_STRICT_OBJC_MSGSEND = YES;
				ENABLE_TESTABILITY = YES;
				GCC_C_LANGUAGE_STANDARD = gnu11;
				GCC_DYNAMIC_NO_PIC = NO;
				GCC_NO_COMMON_BLOCKS = YES;
				GCC_OPTIMIZATION_LEVEL = 0;
				GCC_PREPROCESSOR_DEFINITIONS = (
					"DEBUG=1",
					"$(inherited)",
				);
				GCC_WARN_64_TO_32_BIT_CONVERSION = YES;
				GCC_WARN_ABOUT_RETURN_TYPE = YES_ERROR;
				GCC_WARN_UNDECLARED_SELECTOR = YES;
				GCC_WARN_UNINITIALIZED_AUTOS = YES_AGGRESSIVE;
				GCC_WARN_UNUSED_FUNCTION = YES;
				GCC_WARN_UNUSED_VARIABLE = YES;
				IPHONEOS_DEPLOYMENT_TARGET = 13.2;
				MTL_ENABLE_DEBUG_INFO = INCLUDE_SOURCE;
				MTL_FAST_MATH = YES;
				ONLY_ACTIVE_ARCH = YES;
				SDKROOT = iphoneos;
				SWIFT_ACTIVE_COMPILATION_CONDITIONS = DEBUG;
				SWIFT_OPTIMIZATION_LEVEL = "-Onone";
			};
			name = Debug;
		};
		1F7F6B7C23F9872000D917F8 /* Release */ = {
			isa = XCBuildConfiguration;
			buildSettings = {
				ALWAYS_SEARCH_USER_PATHS = NO;
				CLANG_ANALYZER_LOCALIZABILITY_NONLOCALIZED = YES;
				CLANG_ANALYZER_NONNULL = YES;
				CLANG_ANALYZER_NUMBER_OBJECT_CONVERSION = YES_AGGRESSIVE;
				CLANG_CXX_LANGUAGE_STANDARD = "gnu++14";
				CLANG_CXX_LIBRARY = "libc++";
				CLANG_ENABLE_MODULES = YES;
				CLANG_ENABLE_OBJC_ARC = YES;
				CLANG_ENABLE_OBJC_WEAK = YES;
				CLANG_WARN_BLOCK_CAPTURE_AUTORELEASING = YES;
				CLANG_WARN_BOOL_CONVERSION = YES;
				CLANG_WARN_COMMA = YES;
				CLANG_WARN_CONSTANT_CONVERSION = YES;
				CLANG_WARN_DEPRECATED_OBJC_IMPLEMENTATIONS = YES;
				CLANG_WARN_DIRECT_OBJC_ISA_USAGE = YES_ERROR;
				CLANG_WARN_DOCUMENTATION_COMMENTS = YES;
				CLANG_WARN_EMPTY_BODY = YES;
				CLANG_WARN_ENUM_CONVERSION = YES;
				CLANG_WARN_INFINITE_RECURSION = YES;
				CLANG_WARN_INT_CONVERSION = YES;
				CLANG_WARN_NON_LITERAL_NULL_CONVERSION = YES;
				CLANG_WARN_OBJC_IMPLICIT_RETAIN_SELF = YES;
				CLANG_WARN_OBJC_LITERAL_CONVERSION = YES;
				CLANG_WARN_OBJC_ROOT_CLASS = YES_ERROR;
				CLANG_WARN_RANGE_LOOP_ANALYSIS = YES;
				CLANG_WARN_STRICT_PROTOTYPES = YES;
				CLANG_WARN_SUSPICIOUS_MOVE = YES;
				CLANG_WARN_UNGUARDED_AVAILABILITY = YES_AGGRESSIVE;
				CLANG_WARN_UNREACHABLE_CODE = YES;
				CLANG_WARN__DUPLICATE_METHOD_MATCH = YES;
				COPY_PHASE_STRIP = NO;
				DEBUG_INFORMATION_FORMAT = "dwarf-with-dsym";
				ENABLE_NS_ASSERTIONS = NO;
				ENABLE_STRICT_OBJC_MSGSEND = YES;
				GCC_C_LANGUAGE_STANDARD = gnu11;
				GCC_NO_COMMON_BLOCKS = YES;
				GCC_WARN_64_TO_32_BIT_CONVERSION = YES;
				GCC_WARN_ABOUT_RETURN_TYPE = YES_ERROR;
				GCC_WARN_UNDECLARED_SELECTOR = YES;
				GCC_WARN_UNINITIALIZED_AUTOS = YES_AGGRESSIVE;
				GCC_WARN_UNUSED_FUNCTION = YES;
				GCC_WARN_UNUSED_VARIABLE = YES;
				IPHONEOS_DEPLOYMENT_TARGET = 13.2;
				MTL_ENABLE_DEBUG_INFO = NO;
				MTL_FAST_MATH = YES;
				SDKROOT = iphoneos;
				SWIFT_COMPILATION_MODE = wholemodule;
				SWIFT_OPTIMIZATION_LEVEL = "-O";
				VALIDATE_PRODUCT = YES;
			};
			name = Release;
		};
		1F7F6B7E23F9872000D917F8 /* Debug */ = {
			isa = XCBuildConfiguration;
			baseConfigurationReference = 33F5312F73CE7E605C1AC161 /* Pods-TimePlannerApp.debug.xcconfig */;
			buildSettings = {
				ASSETCATALOG_COMPILER_APPICON_NAME = AppIcon;
				CODE_SIGN_STYLE = Automatic;
				DEVELOPMENT_TEAM = MLCGPYD7C9;
				INFOPLIST_FILE = TimePlannerApp/Info.plist;
				LD_RUNPATH_SEARCH_PATHS = (
					"$(inherited)",
					"@executable_path/Frameworks",
				);
				PRODUCT_BUNDLE_IDENTIFIER = AlexandrMazurov.TimePlannerApp;
				PRODUCT_NAME = "$(TARGET_NAME)";
				SWIFT_VERSION = 5.0;
				TARGETED_DEVICE_FAMILY = "1,2";
			};
			name = Debug;
		};
		1F7F6B7F23F9872000D917F8 /* Release */ = {
			isa = XCBuildConfiguration;
			baseConfigurationReference = 6B5C02821F72B12FFCFFA78D /* Pods-TimePlannerApp.release.xcconfig */;
			buildSettings = {
				ASSETCATALOG_COMPILER_APPICON_NAME = AppIcon;
				CODE_SIGN_STYLE = Automatic;
				DEVELOPMENT_TEAM = MLCGPYD7C9;
				INFOPLIST_FILE = TimePlannerApp/Info.plist;
				LD_RUNPATH_SEARCH_PATHS = (
					"$(inherited)",
					"@executable_path/Frameworks",
				);
				PRODUCT_BUNDLE_IDENTIFIER = AlexandrMazurov.TimePlannerApp;
				PRODUCT_NAME = "$(TARGET_NAME)";
				SWIFT_VERSION = 5.0;
				TARGETED_DEVICE_FAMILY = "1,2";
			};
			name = Release;
		};
/* End XCBuildConfiguration section */

/* Begin XCConfigurationList section */
		1F7F6B6423F9871B00D917F8 /* Build configuration list for PBXProject "TimePlannerApp" */ = {
			isa = XCConfigurationList;
			buildConfigurations = (
				1F7F6B7B23F9872000D917F8 /* Debug */,
				1F7F6B7C23F9872000D917F8 /* Release */,
			);
			defaultConfigurationIsVisible = 0;
			defaultConfigurationName = Release;
		};
		1F7F6B7D23F9872000D917F8 /* Build configuration list for PBXNativeTarget "TimePlannerApp" */ = {
			isa = XCConfigurationList;
			buildConfigurations = (
				1F7F6B7E23F9872000D917F8 /* Debug */,
				1F7F6B7F23F9872000D917F8 /* Release */,
			);
			defaultConfigurationIsVisible = 0;
			defaultConfigurationName = Release;
		};
/* End XCConfigurationList section */
	};
	rootObject = 1F7F6B6123F9871B00D917F8 /* Project object */;
}
